{
    "_meta": {
        "hash": {
            "sha256": "501d4998e45d6d9a805d1f778f5fc81a75a58000e4133df0c1ba681cacf974c0"
        },
        "pipfile-spec": 6,
        "requires": {
            "python_version": "3.11"
        },
        "sources": [
            {
                "name": "pypi",
                "url": "https://pypi.org/simple",
                "verify_ssl": true
            }
        ]
    },
    "default": {
        "asgiref": {
            "hashes": [
                "sha256:3e1e3ecc849832fe52ccf2cb6686b7a55f82bb1d6aee72a58826471390335e47",
                "sha256:c343bd80a0bec947a9860adb4c432ffa7db769836c64238fc34bdc3fec84d590"
            ],
            "index": "pypi",
            "markers": "python_version >= '3.8'",
            "version": "==3.8.1"
        },
        "crispy-bootstrap5": {
            "hashes": [
                "sha256:e0fff85c0503e9aed610a0ee31368e2191d340657f813669491c288c1c2e2dfa",
                "sha256:e7f5adb36acfbb456444c46e82c436931c796c539e9c620be4fa9dc9c9d6679c"
            ],
            "index": "pypi",
            "markers": "python_version >= '3.9'",
            "version": "==2026.3"
        },
        "django": {
            "hashes": [
                "sha256:8363ac062bb4ef7c3f12d078f6fa5d154031d129a15170a1066412af49d30905",
                "sha256:ff1b61005004e476e0aeea47c7f79b85864c70124030e95146315396f1e7951f"
            ],
            "index": "pypi",
            "markers": "python_version >= '3.10'",
            "version": "==5.0.6"
        },
        "django-appconf": {
            "hashes": [
                "sha256:7abd5a163ff57557f216e84d3ce9dac36c37ffce1ab9a044d3d53b7c943dd10f",
                "sha256:9fcead372f82a0f21ee189434e7ae9c007cbb29af1118c18251720f3d06243e4"
            ],
            "index": "pypi",
            "markers": "python_version >= '3.9'",
            "version": "==1.1.0"
        },
        "django-crispy-forms": {
            "hashes": [
                "sha256:066e72a8f152a1334f1c811cc37740868efe3265e5a218f79079ef89f848c3d8",
                "sha256:adc99d5901baca09479c53bf536b3909e80a9f2bb299438a223de4c106ebf1f9"
            ],
            "index": "pypi",
            "markers": "python_version >= '3.9'",
            "version": "==2.5"
        },
        "django-grappelli": {
            "hashes": [
                "sha256:404c8480024758b537bed723070c64eef695de557ad470b43161dbff0aa4c642",
                "sha256:579e1e309ac1369d559dbe3f752ccf1cab0216ebfa6334cdba6922aab6cfa360"
            ],
            "index": "pypi",
            "version": "==5.0.0"
        },
        "django-jalali": {
            "hashes": [
                "sha256:b7472b5bb54a3545607f6c5e03f2778bd555f79015a77e06670a3d9d4045e7e1",
                "sha256:c1beb70625e5f34f79df488f25073e45049194a0d4193e0e0348369a425c4fb0"
            ],
            "index": "pypi",
            "version": "==7.4.0"
        },
        "django-jalali-date": {
            "hashes": [
                "sha256:7cc9e3462386b1c89cd05731ebc2857748db78f147c4b2b99427b519e05ab178"
            ],
            "index": "pypi",
            "markers": "python_version >= '3'",
            "version": "==2.0.0"
        },
        "django-select2": {
            "hashes": [
                "sha256:25eb56a6c024750898ea45cb90d24164c42b85c4673f5052612ce39042d81151",
                "sha256:769429f4300db9a24d029e2e2f90fceb825eef6c012d772af90d12a318fb2438"
            ],
            "index": "pypi",
            "markers": "python_version >= '3.10'",
            "version": "==8.4.0"
        },
        "django-widget-tweaks": {
            "hashes": [
                "sha256:084acc9eeb5a3208f2670522de6284287973e54d54488ce6d402f4b99bc5f452",
                "sha256:3f5080f8365740fc1c14607498c975cbfed896dd0c40e1b563095716ee31e3b5"
            ],
            "index": "pypi",
            "markers": "python_version >= '3.9'",
            "version": "==1.5.1"
        },
        "et-xmlfile": {
            "hashes": [
                "sha256:7a91720bc756843502c3b7504c77b8fe44217c85c537d85037f0f536151b2caa",
                "sha256:dab3f4764309081ce75662649be815c4c9081e88f0837825f90fd28317d4da54"
            ],
            "index": "pypi",
            "markers": "python_version >= '3.8'",
            "version": "==2.0.0"
        },
        "jalali-core": {
            "hashes": [
                "sha256:84e6f5090eadfb35234f24fad084be831d00da3c0b238ee001e8a1fd49bf7924",
                "sha256:f4287c70c630323dcf0a3ab26df905ba4d451e230ac1f65b3bb2f77797894a2b"
            ],
            "index": "pypi",
            "markers": "python_version >= '3.8'",
            "version": "==1.0.0"
        },
        "jdatetime": {
            "hashes": [
                "sha256:c81d5898717b82b609a3ce2a73f8b8d3230b0c757e5c0de9d6b1acfdc224f551",
                "sha256:d4aa73543e4e6c0e6122b58743773168edee5efe5c5acf05d1dc8c90524ca71c"
            ],
            "index": "pypi",
            "markers": "python_version >= '3.9'",
            "version": "==5.2.0"
        },
        "numpy": {
            "hashes": [
                "sha256:06d4fb37a8d383b769281714897420c5cc3545c79dc427df57fc9b852ee0bf58",
                "sha256:0898c67a58cdaaf29994bc0e2c65230fd4de0ac40afaf1584ed0b02cd74c6fdd",
                "sha256:0eba4a1ea88f9a6f30f56fdafdeb8da3774349eacddab9581a21234b8535d3d3",
                "sha256:2393a914db64b0ead0ab80c962e42d09d5f385802006a6c87835acb1f58adb96",
                "sha256:2e6a1409eee0cb0316cb64640a49a49ca44deb1a537e6b1121dc7c458a1299a8",
                "sha256:33a5a12a45bb82d9997e2c0b12adae97507ad7c347546190a18ff14c28bbca12",
                "sha256:389b85335838155a9076e9ad7f8fdba0827496ec2d2dc32ce69ce7898bde03ba",
                "sha256:39b27d8b38942a647f048b675f134dd5a567f95bfff481f9109ec308515c51d8",
                "sha256:43c55b6a860b0eb44d42341438b03513cf3879cb3617afb749ad49307e164edd",
                "sha256:46d16f72c2192da7b83984aa5455baee640e33a9f1e61e656f29adf55e406c2b",
                "sha256:48a2e8eaf76364c32a1feaa60d6925eaf32ed7a040183b807e02674305beef61",
                "sha256:4d8d294287fdf685281e671886c6dcdf0291a7c19db3e5cb4178d07ccf6ecc67",
                "sha256:4dc58865623023b63b10d52f18abaac3729346a7a46a778381e0e3af4b7f3beb",
                "sha256:50080245365d75137a2bf46151e975de63146ae6d79f7e6bd5c0e85c9931d06a",
                "sha256:54dfc8681c1906d239e95ab1508d0a533c4a9505e52ee2d71a5472b04437ef97",
                "sha256:5754ab5595bfa2c2387d241296e0381c21f44a4b90a776c3c1d39eede13a746a",
                "sha256:5814a0f43e70c061f47abd5857d120179609ddc32a613138cbb6c4e9e2dbdda5",
                "sha256:581f87f9e9e9db2cba2141400e160e9dd644ee248788d6f90636eeb8fd9260a6",
                "sha256:622a65d40d8eb427d8e722fd410ac3ad4958002f109230bc714fa551044ebae2",
                "sha256:6295f81f093b7f5769d1728a6bd8bf7466de2adfa771ede944ce6711382b89dc",
                "sha256:690d0a5b60a47e1f9dcec7b77750a4854c0d690e9058b7bef3106e3ae9117808",
                "sha256:7729c8008d55e80784bd113787ce876ca117185c579c0d626f59b87d433ea779",
                "sha256:80b46117c7359de8167cc00a2c7d823bdd505e8c7727ae0871025a86d668283b",
                "sha256:81ae0bf2564cf475f94be4a27ef7bcf8af0c3e28da46770fc904da9abd5279b5",
                "sha256:87717eb24d4a8a64683b7a4e91ace04e2f5c7c77872f823f02a94feee186168f",
                "sha256:8b51ead2b258284458e570942137155978583e407babc22e3d0ed7af33ce06f8",
                "sha256:9498f60cd6bb8238d8eaf468a3d5bb031d34cd12556af53510f05fcf581c1b7e",
                "sha256:99224862d1412d2562248d4710126355d3a8db7672170a39d6909ac47687a8a4",
                "sha256:a0be278be9307c4ab06b788f2a077f05e180aea817b3e41cebbd5aaf7bd85ed3",
                "sha256:aaf81c7b82c73bd9b45e79cfb9476cb9c29e937494bfe9092c26aece812818ad",
                "sha256:aba48d17e87688a765ab1cd557882052f238e2f36545dfa8e29e6a91aef77afe",
                "sha256:b0f1f11d0a1da54927436505a5a7670b154eac27f5672afc389661013dfe3d4f",
                "sha256:b9446d9d8505aadadb686d51d838f2b6688c9e85636a0c3abaeb55ed54756459",
                "sha256:ba17f93a94e503551f154de210e4d50c5e3ee20f7e7a1b5f6ce3f22d419b93bb",
                "sha256:bd8df082b6c4695753ad6193018c05aac465d634834dca47a3ae06d4bb22d9ea",
                "sha256:c24bb4113c66936eeaa0dc1e47c74770453d34f46ee07ae4efd853a2ed1ad10a",
                "sha256:c39ec392b5db5088259c68250e342612db82dc80ce044cf16496cf14cf6bc6f8",
                "sha256:c3c9fdde0fa18afa1099d6257eb82890ea4f3102847e692193b54e00312a9ae9",
                "sha256:c8738baa52505fa6e82778580b23f945e3578412554d937093eac9205e845e6e",
                "sha256:d11fa02f77752d8099573d64e5fe33de3229b6632036ec08f7080f46b6649959",
                "sha256:d344ca32ab482bcf8735d8f95091ad081f97120546f3d250240868430ce52555",
                "sha256:d8fa264d56882b59dcb5ea4d6ab6f31d0c58a57b41aec605848b6eb2ef4a43e8",
                "sha256:df470d376f54e052c76517393fa443758fefcdd634645bc9c1f84eafc67087f0",
                "sha256:e017a8a251ff4d18d71f139e28bdc7c31edba7a507f72b1414ed902cbe48c74d",
                "sha256:e43c3cce3b6ae5f94696669ff2a6eafd9a6b9332008bafa4117af70f4b88be6f",
                "sha256:e651756066a0eaf900916497e20e02fe1ae544187cb0fe88de981671ee7f6270",
                "sha256:e6648078bdd974ef5d15cecc31b0c410e2e24178a6e10bf511e0557eed0f2570",
                "sha256:ee9d3ee70d62827bc91f3ea5eee33153212c41f639918550ac0475e3588da59f",
                "sha256:ef6c1e88fd6b81ac6d215ed71dc8cd027e54d4bf1d2682d362449097156267a2",
                "sha256:f14e016d9409680959691c109be98c436c6249eaf7f118b424679793607b5944",
                "sha256:f420033a20b4f6a2a11f585f93c843ac40686a7c3fa514060a97d9de93e5e72b"
            ],
            "index": "pypi",
            "markers": "python_version >= '3.11'",
            "version": "==2.3.0"
        },
        "openpyxl": {
            "hashes": [
                "sha256:5282c12b107bffeef825f4617dc029afaf41d0ea60823bbb665ef3079dc79de2",
                "sha256:cf0e3cf56142039133628b5acffe8ef0c12bc902d2aadd3e0fe5878dc08d1050"
            ],
            "index": "pypi",
            "markers": "python_version >= '3.8'",
            "version": "==3.1.5"
        },
        "pandas": {
            "hashes": [
                "sha256:0383c72c75cdcca61a9e116e611143902dbfd08bff356829c2f6d1cf40a9ca8c",
                "sha256:05f1f1752b8533ea03f7f39a9c15b1a058d067bb48f4748948e7a8691e0510f2",
                "sha256:08d789b41f87e0905880e293cedf6197ce71fe67cc081358b1e148a491b9bd13",
                "sha256:0d589105b3c14645af1738ff279b2995102d8f7a03b0a66dc8d95550eb513e04",
                "sha256:13fc1e853d9e04743d11ba75a985ccbc2a317fe07d8af61e445a6fd24dacd6a6",
                "sha256:14da8316da4d0c5a77618425996bfb1248ca87fc2c1486e6fde4652bd18b5824",
                "sha256:1928e07221f82db493cd4af1e23c1bfca524a19a4699887975bff68f49a72bfb",
                "sha256:261e308dfb22448384b7580cf719d2f998fe2966c92893c3e77d14008af1f066",
                "sha256:275c14e0fce14a2ec20eee474aecd305478ea3c1e6f6a9d8fe219a165542717e",
                "sha256:335f62418ed562cfc3c49e9e196375c28b729dcef8543abf4f9438e381bf3c76",
                "sha256:3650109c0f22879df8bd6179ab9ee3d7f1d1d4e7e0094a3f0032d9f51e2e64ac",
                "sha256:39436b377d56d2a2e52d0395bdbee171f01068e99af5250509aceeb929f765c7",
                "sha256:3c20a521bbb85902f79f7270c80a59e1b5452d96d170c034f207181870f97ac5",
                "sha256:3e91cec1879ada0624fc3dc9953c5cbd60208e59c0db28f540c5d6d47502422f",
                "sha256:455f6f8139d4282188f526868dbc3c828470e88a3d9d59a891bd46a455f21b98",
                "sha256:46997386d528eb40376ecd6b033cf4a8a1e5282580f68f43de875b78cba2199d",
                "sha256:4db8c527972a821cf5286b40ccc57642a39bc62e62022b42f99f8a67fca8c3a1",
                "sha256:4e15135e2ee5df1063313e2425ceef8ac0f4ae775893815b0923651b806a5639",
                "sha256:51b1fe551acb77dac643c6fda86084d8d446c10fe64b06a9cc29c4cc8540e7f2",
                "sha256:557409bc4178e70ee8d9ddb494798e51ebf6ea59330f6be22c51bab2a7db6c49",
                "sha256:5cc09a68b3120e0f54870dede8287a7bb1fa463907e4fcec1ea77cab6179bf7a",
                "sha256:60ae316d3fd75d1858d450d0db0103ea2be3e7d4a95ec2f064f7e2ae63f7b028",
                "sha256:6674ab18ad8c57802867264b00e15e7bb904700cdd9046e3b2fa1fce237439ea",
                "sha256:67b3b64c11910cfa29f4e94a14d3bff9ee693b6fc76055e7cad549cee0aec5fa",
                "sha256:696a4a00a2a2a35d4e5deb3fc946641b96c944f02230e4f76137fe35d806c4fc",
                "sha256:6dc0b3fd2169c9157deed50b4d519553a3655c8c6a96027136d654592be973a9",
                "sha256:7e65d5407dc0b394f509699650e4a2ec01c0514f21850f453fa60f3be79a5dbf",
                "sha256:819959dab7bbd0049c15623fbac4e29a191b9528160a61fb1032242d8ced2d9c",
                "sha256:8a1e45c80cceb3b4a21bc5939d52e8cbd8d9b7305309219d59e9754d9ce09e27",
                "sha256:9c39be2d709d01fa972a0cabc522389fceca4f3969332ba25a7d6c5802cf976a",
                "sha256:9d71c63ae4ebdbf70209742096f1fc46a83a0613c99d4b23766cced9ff8cd62a",
                "sha256:a2d2dff8a04f3917b55ab3910c32990f8ddf7eceba114947838cefa976a68977",
                "sha256:a4eeb6830daf35a71cc09649bd823e2b542dac246cdee9614c6e4bd65028cd6a",
                "sha256:a55066a0505dae0ba2b50a46637db34b46f9094c65c5d4800794ef6335010938",
                "sha256:a82d532a3351d435432cd913edbccaf8b8e01d4dd0e5ced5a8d2e8ecd94c7e44",
                "sha256:b168fc218fd80a6cbdbdbc1a97ddc7889ed057d7eb45f50d866ceab5f39904c4",
                "sha256:b2c95f8bfc1ee412bf482605d7bfd30c12d1d26bd59fdd91efeef1d4718decb1",
                "sha256:ba7e08b9ac1d54569cd1e256e3668975ed624d6826f7b68df0342b012007bddb",
                "sha256:bab900348131a7db1f69a7309ef141fd5680f1487094193bcbbb61791573bf8f",
                "sha256:bd3a518890b400d32f9023722dc9a9a5c969f00b415419a3c06c043f09bb5d7d",
                "sha256:c7be265b62cef88e253a941e4698604973736dcfe242fdb5198f0f7bc473cdcc",
                "sha256:d26cbe1fcfc12e8fd900e2454163e466b2d3af84f7c75481df7683ffc073d870",
                "sha256:d4be06d68f9ddcfc645b87534911da79a8fbffc7573c80e0edcf42a5020624d8",
                "sha256:d72828c20c6d6e83e1e22a6a3b47b326b71664112fa9705dcbccfd7a39b62085",
                "sha256:dd1a5d1def6a46002e964510bdc67c368aa0951df5d1d9f8365336f5a1f490cd",
                "sha256:e3a2ec42c98ffa2565a67e08e218d06d72576d758d90facb7c00805194d8f360",
                "sha256:f8894dc474d648fe7b6ff0ca9b0bd73950d19952bc1a6534540762c5d79d305c",
                "sha256:fed2ff7fd9779120e388e285fc029bd5cf9490cdd2e4166a9ee22c0e49a9ab09"
            ],
            "index": "pypi",
            "markers": "python_version >= '3.11'",
            "version": "==3.0.3"
        },
        "python-dateutil": {
            "hashes": [
                "sha256:37dd54208da7e1cd875388217d5e00ebd4179249f90fb72437e91a35459a0ad3",
                "sha256:a8b2bc7bffae282281c8140a97d3aa9c14da0b136dfe83f850eea9a5f7470427"
            ],
            "index": "pypi",
            "markers": "python_version >= '2.7' and python_version not in '3.0, 3.1, 3.2'",
            "version": "==2.9.0.post0"
        },
        "python-dotenv": {
            "hashes": [
                "sha256:1d8214789a24de455a8b8bd8ae6fe3c6b69a5e3d64aa8a8e5d68e694bbcb285a",
                "sha256:2c371a91fbd7ba082c2c1dc1f8bf89ca22564a087c2c287cd9b662adde799cf3"
            ],
            "index": "pypi",
            "markers": "python_version >= '3.10'",
            "version": "==1.2.2"
        },
        "pytz": {
            "hashes": [
                "sha256:360b9e3dbb49a209c21ad61809c7fb453643e048b38924c765813546746e81c3",
                "sha256:5ddf76296dd8c44c26eb8f4b6f35488f3ccbf6fbbd7adee0b7262d43f0ec2f00"
            ],
            "index": "pypi",
            "version": "==2025.2"
        },
        "six": {
            "hashes": [
                "sha256:4721f391ed90541fddacab5acf947aa0d3dc7d27b2e1e8eda2be8970586c3274",
                "sha256:ff70335d468e7eb6ec65b95b99d3a2836546063f63acc5171de367e834932a81"
            ],
            "index": "pypi",
            "markers": "python_version >= '2.7' and python_version not in '3.0, 3.1, 3.2'",
            "version": "==1.17.0"
        },
        "sqlparse": {
            "hashes": [
                "sha256:09f67787f56a0b16ecdbde1bfc7f5d9c3371ca683cfeaa8e6ff60b4807ec9272",
                "sha256:cf2196ed3418f3ba5de6af7e82c694a9fbdbfecccdfc72e281548517081f16ca"
            ],
            "index": "pypi",
            "markers": "python_version >= '3.8'",
            "version": "==0.5.3"
        },
        "tzdata": {
            "hashes": [
                "sha256:1a403fada01ff9221ca8044d701868fa132215d84beb92242d9acd2147f667a8",
                "sha256:b60a638fcc0daffadf82fe0f57e53d06bdec2f36c4df66280ae79bce6bd6f2b9"
            ],
            "index": "pypi",
            "markers": "python_version >= '2'",
            "version": "==2025.2"
        },
        "xlrd": {
            "hashes": [
                "sha256:08b5e25de58f21ce71dc7db3b3b8106c1fa776f3024c54e45b45b374e89234c9",
                "sha256:ea762c3d29f4cca48d82df517b6d89fbce4db3107f9d78713e48cd321d5c9aa9"
            ],
            "index": "pypi",
            "markers": "python_version >= '2.7' and python_version not in '3.0, 3.1, 3.2, 3.3, 3.4, 3.5'",
            "version": "==2.0.2"
        }
    },
    "develop": {}
}
